# This file is automatically @generated by Cargo.
# It is not intended for manual editing.
version = 4

[[package]]
name = "app"
version = "0.1.0"
dependencies = [
 "heavy1",
 "heavy2",
 "heavy3",
]

[[package]]
name = "heavy1"
version = "0.1.0"

[[package]]
name = "heavy2"
version = "0.1.0"

[[package]]
name = "heavy3"
version = "0.1.0"
